
Microsoft Visual Studio Solution File, Format Version 12.00
# Visual Studio Version 17
VisualStudioVersion = 17.14.36616.10 d17.14
MinimumVisualStudioVersion = 10.0.40219.1
Project("{FAE04EC0-301F-11D3-BF4B-00C04F79EFBC}") = "ITAssetKeeper", "ITAssetKeeper\ITAssetKeeper.csproj", "{9778B408-5C27-4DFA-BED2-BB480825AEAD}"
EndProject
Global
	GlobalSection(SolutionConfigurationPlatforms) = preSolution
		Debug|Any CPU = Debug|Any CPU
		Release|Any CPU = Release|Any CPU
	EndGlobalSection
	GlobalSection(ProjectConfigurationPlatforms) = postSolution
		{9778B408-5C27-4DFA-BED2-BB480825AEAD}.Debug|Any CPU.ActiveCfg = Debug|Any CPU
		{9778B408-5C27-4DFA-BED2-BB480825AEAD}.Debug|Any CPU.Build.0 = Debug|Any CPU
		{9778B408-5C27-4DFA-BED2-BB480825AEAD}.Release|Any CPU.ActiveCfg = Release|Any CPU
		{9778B408-5C27-4DFA-BED2-BB480825AEAD}.Release|Any CPU.Build.0 = Release|Any CPU
	EndGlobalSection
	GlobalSection(SolutionProperties) = preSolution
		HideSolutionNode = FALSE
	EndGlobalSection
	GlobalSection(ExtensibilityGlobals) = postSolution
		SolutionGuid = {03F7751B-D8D6-46B1-945F-A85799553362}
	EndGlobalSection
EndGlobal
